
Microsoft Visual Studio Solution File, Format Version 12.00
# Visual Studio Version 17
VisualStudioVersion = 17.6.33723.286
MinimumVisualStudioVersion = 10.0.40219.1
Project("{9A19103F-16F7-4668-BE54-9A1E7A4F7556}") = "1-WebApi", "FruitFlavor\1-WebApi.csproj", "{1C98F7AC-212B-4755-A331-18CDC2F59A9D}"
EndProject
Project("{9A19103F-16F7-4668-BE54-9A1E7A4F7556}") = "Infra", "FruitFlavor.Core\Infra.csproj", "{D77F76B6-FA29-4189-BBF7-98AB1E7F986C}"
EndProject
Project("{9A19103F-16F7-4668-BE54-9A1E7A4F7556}") = "Domain", "FruitFlavor.Data\Domain.csproj", "{3148C57B-75D1-46E9-B134-178A0B28D25F}"
EndProject
Project("{9A19103F-16F7-4668-BE54-9A1E7A4F7556}") = "Entities", "Entities\Entities.csproj", "{A7D2F575-58C5-483F-B69A-350F335E9248}"
EndProject
Global
	GlobalSection(SolutionConfigurationPlatforms) = preSolution
		Debug|Any CPU = Debug|Any CPU
		Release|Any CPU = Release|Any CPU
	EndGlobalSection
	GlobalSection(ProjectConfigurationPlatforms) = postSolution
		{1C98F7AC-212B-4755-A331-18CDC2F59A9D}.Debug|Any CPU.ActiveCfg = Debug|Any CPU
		{1C98F7AC-212B-4755-A331-18CDC2F59A9D}.Debug|Any CPU.Build.0 = Debug|Any CPU
		{1C98F7AC-212B-4755-A331-18CDC2F59A9D}.Release|Any CPU.ActiveCfg = Release|Any CPU
		{1C98F7AC-212B-4755-A331-18CDC2F59A9D}.Release|Any CPU.Build.0 = Release|Any CPU
		{D77F76B6-FA29-4189-BBF7-98AB1E7F986C}.Debug|Any CPU.ActiveCfg = Debug|Any CPU
		{D77F76B6-FA29-4189-BBF7-98AB1E7F986C}.Debug|Any CPU.Build.0 = Debug|Any CPU
		{D77F76B6-FA29-4189-BBF7-98AB1E7F986C}.Release|Any CPU.ActiveCfg = Release|Any CPU
		{D77F76B6-FA29-4189-BBF7-98AB1E7F986C}.Release|Any CPU.Build.0 = Release|Any CPU
		{3148C57B-75D1-46E9-B134-178A0B28D25F}.Debug|Any CPU.ActiveCfg = Debug|Any CPU
		{3148C57B-75D1-46E9-B134-178A0B28D25F}.Debug|Any CPU.Build.0 = Debug|Any CPU
		{3148C57B-75D1-46E9-B134-178A0B28D25F}.Release|Any CPU.ActiveCfg = Release|Any CPU
		{3148C57B-75D1-46E9-B134-178A0B28D25F}.Release|Any CPU.Build.0 = Release|Any CPU
		{A7D2F575-58C5-483F-B69A-350F335E9248}.Debug|Any CPU.ActiveCfg = Debug|Any CPU
		{A7D2F575-58C5-483F-B69A-350F335E9248}.Debug|Any CPU.Build.0 = Debug|Any CPU
		{A7D2F575-58C5-483F-B69A-350F335E9248}.Release|Any CPU.ActiveCfg = Release|Any CPU
		{A7D2F575-58C5-483F-B69A-350F335E9248}.Release|Any CPU.Build.0 = Release|Any CPU
	EndGlobalSection
	GlobalSection(SolutionProperties) = preSolution
		HideSolutionNode = FALSE
	EndGlobalSection
	GlobalSection(ExtensibilityGlobals) = postSolution
		SolutionGuid = {91200259-94EE-40B9-8ADF-E5823974FD3F}
	EndGlobalSection
EndGlobal
